
Microsoft Visual Studio Solution File, Format Version 12.00
# Visual Studio Version 17
VisualStudioVersion = 17.11.35312.102
MinimumVisualStudioVersion = 10.0.40219.1
Project("{9A19103F-16F7-4668-BE54-9A1E7A4F7556}") = "LibraryWebApp.ApiGatewayYARP", "LibraryWebApp.ApiGatewayYARP\LibraryWebApp.ApiGatewayYARP.csproj", "{B8E05AC1-69A0-4C31-98DF-11462C8FA728}"
EndProject
Project("{9A19103F-16F7-4668-BE54-9A1E7A4F7556}") = "LibraryWebApp.AppHost", "LibraryWebApp.AppHost\LibraryWebApp.AppHost.csproj", "{DCA072B3-E339-40EB-AA32-17C10B831B8F}"
EndProject
Project("{9A19103F-16F7-4668-BE54-9A1E7A4F7556}") = "LibraryWebApp.ServiceDefaults", "LibraryWebApp.ServiceDefaults\LibraryWebApp.ServiceDefaults.csproj", "{C01DE44A-12F3-47A7-A217-CAEB93D71E17}"
EndProject
Project("{9A19103F-16F7-4668-BE54-9A1E7A4F7556}") = "UnitTests", "UnitTests\UnitTests.csproj", "{EEFF09BC-869B-48A5-BEC0-945EA74B503D}"
EndProject
Project("{54A90642-561A-4BB1-A94E-469ADEE60C69}") = "AngularProject", "AngularProject\AngularProject.esproj", "{19636F83-DCB3-495A-B228-197FE4566168}"
EndProject
Project("{9A19103F-16F7-4668-BE54-9A1E7A4F7556}") = "AuthService.Application", "Services\AuthService\AuthService.Application\AuthService.Application.csproj", "{E1661C82-0ACB-4B6E-956E-0CF800EEFA6E}"
EndProject
Project("{9A19103F-16F7-4668-BE54-9A1E7A4F7556}") = "AuthService.Domain", "Services\AuthService\AuthService.Domain\AuthService.Domain.csproj", "{CC98E13C-1BF2-4047-BD1A-FE03618F4AF8}"
EndProject
Project("{9A19103F-16F7-4668-BE54-9A1E7A4F7556}") = "AuthService.Infrastructure", "Services\AuthService\AuthService.Infrastructure\AuthService.Infrastructure.csproj", "{A94B2DDE-662D-41C8-AF9E-B703D3480D01}"
EndProject
Project("{2150E333-8FDC-42A3-9474-1A3956D46DE8}") = "Services", "Services", "{21835DA1-DA91-40C8-A320-4970EB271A33}"
EndProject
Project("{2150E333-8FDC-42A3-9474-1A3956D46DE8}") = "AuthService", "AuthService", "{5311DD5D-17AA-4B28-92D7-3D40CDB60C24}"
EndProject
Project("{2150E333-8FDC-42A3-9474-1A3956D46DE8}") = "AuthorService", "AuthorService", "{02F49B64-55A4-4A0F-B76F-352274E5B533}"
EndProject
Project("{2150E333-8FDC-42A3-9474-1A3956D46DE8}") = "BookService", "BookService", "{06091FDC-7D71-4DF5-BEBB-15036B39CE73}"
EndProject
Project("{9A19103F-16F7-4668-BE54-9A1E7A4F7556}") = "AuthorService.Domain", "Services\AuthorService\AuthorService.Domain\AuthorService.Domain.csproj", "{43A0CDEC-1330-4BFB-85AF-3AE4CE18788D}"
EndProject
Project("{9A19103F-16F7-4668-BE54-9A1E7A4F7556}") = "AuthorService.Infrastructure", "Services\AuthorService\AuthorService.Infrastructure\AuthorService.Infrastructure.csproj", "{639520EB-BCF4-4885-9695-ECE007855382}"
EndProject
Project("{9A19103F-16F7-4668-BE54-9A1E7A4F7556}") = "AuthorService.Application", "Services\AuthorService\AuthorService.Application\AuthorService.Application.csproj", "{A58E2358-2846-4476-B446-D10BB1C59924}"
EndProject
Project("{9A19103F-16F7-4668-BE54-9A1E7A4F7556}") = "BookService.Domain", "Services\BookService\BookService.Domain\BookService.Domain.csproj", "{44738117-B8D2-42F6-BB12-3D7CECF2C944}"
EndProject
Project("{9A19103F-16F7-4668-BE54-9A1E7A4F7556}") = "BookService.Infractucture", "Services\BookService\BookService.Infractucture\BookService.Infractucture.csproj", "{CD2997AF-9D2E-4EC7-A968-D852BC1C539B}"
EndProject
Project("{9A19103F-16F7-4668-BE54-9A1E7A4F7556}") = "BookService.Application", "Services\BookService\BookService.Application\BookService.Application.csproj", "{F092CFCE-7F13-4228-B01A-8E0A3EB7B8B2}"
EndProject
Project("{9A19103F-16F7-4668-BE54-9A1E7A4F7556}") = "AuthorService.API", "Services\AuthorService\AuthorService.API\AuthorService.API.csproj", "{D318B470-56A5-48E8-8011-E9805CE807AE}"
EndProject
Project("{9A19103F-16F7-4668-BE54-9A1E7A4F7556}") = "AuthService.API", "Services\AuthService\AuthService.API\AuthService.API.csproj", "{870BD7C3-442E-472F-8708-6CDF7F1876A3}"
EndProject
Project("{9A19103F-16F7-4668-BE54-9A1E7A4F7556}") = "BookService.API", "Services\BookService\BookService.API\BookService.API.csproj", "{0203BC57-4080-4CCE-AA9B-9322214A0ACE}"
EndProject
Global
	GlobalSection(SolutionConfigurationPlatforms) = preSolution
		Debug|Any CPU = Debug|Any CPU
		Release|Any CPU = Release|Any CPU
	EndGlobalSection
	GlobalSection(ProjectConfigurationPlatforms) = postSolution
		{B8E05AC1-69A0-4C31-98DF-11462C8FA728}.Debug|Any CPU.ActiveCfg = Debug|Any CPU
		{B8E05AC1-69A0-4C31-98DF-11462C8FA728}.Debug|Any CPU.Build.0 = Debug|Any CPU
		{B8E05AC1-69A0-4C31-98DF-11462C8FA728}.Release|Any CPU.ActiveCfg = Release|Any CPU
		{B8E05AC1-69A0-4C31-98DF-11462C8FA728}.Release|Any CPU.Build.0 = Release|Any CPU
		{DCA072B3-E339-40EB-AA32-17C10B831B8F}.Debug|Any CPU.ActiveCfg = Debug|Any CPU
		{DCA072B3-E339-40EB-AA32-17C10B831B8F}.Debug|Any CPU.Build.0 = Debug|Any CPU
		{DCA072B3-E339-40EB-AA32-17C10B831B8F}.Release|Any CPU.ActiveCfg = Release|Any CPU
		{DCA072B3-E339-40EB-AA32-17C10B831B8F}.Release|Any CPU.Build.0 = Release|Any CPU
		{C01DE44A-12F3-47A7-A217-CAEB93D71E17}.Debug|Any CPU.ActiveCfg = Debug|Any CPU
		{C01DE44A-12F3-47A7-A217-CAEB93D71E17}.Debug|Any CPU.Build.0 = Debug|Any CPU
		{C01DE44A-12F3-47A7-A217-CAEB93D71E17}.Release|Any CPU.ActiveCfg = Release|Any CPU
		{C01DE44A-12F3-47A7-A217-CAEB93D71E17}.Release|Any CPU.Build.0 = Release|Any CPU
		{EEFF09BC-869B-48A5-BEC0-945EA74B503D}.Debug|Any CPU.ActiveCfg = Debug|Any CPU
		{EEFF09BC-869B-48A5-BEC0-945EA74B503D}.Debug|Any CPU.Build.0 = Debug|Any CPU
		{EEFF09BC-869B-48A5-BEC0-945EA74B503D}.Release|Any CPU.ActiveCfg = Release|Any CPU
		{EEFF09BC-869B-48A5-BEC0-945EA74B503D}.Release|Any CPU.Build.0 = Release|Any CPU
		{19636F83-DCB3-495A-B228-197FE4566168}.Debug|Any CPU.ActiveCfg = Debug|Any CPU
		{19636F83-DCB3-495A-B228-197FE4566168}.Debug|Any CPU.Build.0 = Debug|Any CPU
		{19636F83-DCB3-495A-B228-197FE4566168}.Debug|Any CPU.Deploy.0 = Debug|Any CPU
		{19636F83-DCB3-495A-B228-197FE4566168}.Release|Any CPU.ActiveCfg = Release|Any CPU
		{19636F83-DCB3-495A-B228-197FE4566168}.Release|Any CPU.Build.0 = Release|Any CPU
		{19636F83-DCB3-495A-B228-197FE4566168}.Release|Any CPU.Deploy.0 = Release|Any CPU
		{E1661C82-0ACB-4B6E-956E-0CF800EEFA6E}.Debug|Any CPU.ActiveCfg = Debug|Any CPU
		{E1661C82-0ACB-4B6E-956E-0CF800EEFA6E}.Debug|Any CPU.Build.0 = Debug|Any CPU
		{E1661C82-0ACB-4B6E-956E-0CF800EEFA6E}.Release|Any CPU.ActiveCfg = Release|Any CPU
		{E1661C82-0ACB-4B6E-956E-0CF800EEFA6E}.Release|Any CPU.Build.0 = Release|Any CPU
		{CC98E13C-1BF2-4047-BD1A-FE03618F4AF8}.Debug|Any CPU.ActiveCfg = Debug|Any CPU
		{CC98E13C-1BF2-4047-BD1A-FE03618F4AF8}.Debug|Any CPU.Build.0 = Debug|Any CPU
		{CC98E13C-1BF2-4047-BD1A-FE03618F4AF8}.Release|Any CPU.ActiveCfg = Release|Any CPU
		{CC98E13C-1BF2-4047-BD1A-FE03618F4AF8}.Release|Any CPU.Build.0 = Release|Any CPU
		{A94B2DDE-662D-41C8-AF9E-B703D3480D01}.Debug|Any CPU.ActiveCfg = Debug|Any CPU
		{A94B2DDE-662D-41C8-AF9E-B703D3480D01}.Debug|Any CPU.Build.0 = Debug|Any CPU
		{A94B2DDE-662D-41C8-AF9E-B703D3480D01}.Release|Any CPU.ActiveCfg = Release|Any CPU
		{A94B2DDE-662D-41C8-AF9E-B703D3480D01}.Release|Any CPU.Build.0 = Release|Any CPU
		{43A0CDEC-1330-4BFB-85AF-3AE4CE18788D}.Debug|Any CPU.ActiveCfg = Debug|Any CPU
		{43A0CDEC-1330-4BFB-85AF-3AE4CE18788D}.Debug|Any CPU.Build.0 = Debug|Any CPU
		{43A0CDEC-1330-4BFB-85AF-3AE4CE18788D}.Release|Any CPU.ActiveCfg = Release|Any CPU
		{43A0CDEC-1330-4BFB-85AF-3AE4CE18788D}.Release|Any CPU.Build.0 = Release|Any CPU
		{639520EB-BCF4-4885-9695-ECE007855382}.Debug|Any CPU.ActiveCfg = Debug|Any CPU
		{639520EB-BCF4-4885-9695-ECE007855382}.Debug|Any CPU.Build.0 = Debug|Any CPU
		{639520EB-BCF4-4885-9695-ECE007855382}.Release|Any CPU.ActiveCfg = Release|Any CPU
		{639520EB-BCF4-4885-9695-ECE007855382}.Release|Any CPU.Build.0 = Release|Any CPU
		{A58E2358-2846-4476-B446-D10BB1C59924}.Debug|Any CPU.ActiveCfg = Debug|Any CPU
		{A58E2358-2846-4476-B446-D10BB1C59924}.Debug|Any CPU.Build.0 = Debug|Any CPU
		{A58E2358-2846-4476-B446-D10BB1C59924}.Release|Any CPU.ActiveCfg = Release|Any CPU
		{A58E2358-2846-4476-B446-D10BB1C59924}.Release|Any CPU.Build.0 = Release|Any CPU
		{44738117-B8D2-42F6-BB12-3D7CECF2C944}.Debug|Any CPU.ActiveCfg = Debug|Any CPU
		{44738117-B8D2-42F6-BB12-3D7CECF2C944}.Debug|Any CPU.Build.0 = Debug|Any CPU
		{44738117-B8D2-42F6-BB12-3D7CECF2C944}.Release|Any CPU.ActiveCfg = Release|Any CPU
		{44738117-B8D2-42F6-BB12-3D7CECF2C944}.Release|Any CPU.Build.0 = Release|Any CPU
		{CD2997AF-9D2E-4EC7-A968-D852BC1C539B}.Debug|Any CPU.ActiveCfg = Debug|Any CPU
		{CD2997AF-9D2E-4EC7-A968-D852BC1C539B}.Debug|Any CPU.Build.0 = Debug|Any CPU
		{CD2997AF-9D2E-4EC7-A968-D852BC1C539B}.Release|Any CPU.ActiveCfg = Release|Any CPU
		{CD2997AF-9D2E-4EC7-A968-D852BC1C539B}.Release|Any CPU.Build.0 = Release|Any CPU
		{F092CFCE-7F13-4228-B01A-8E0A3EB7B8B2}.Debug|Any CPU.ActiveCfg = Debug|Any CPU
		{F092CFCE-7F13-4228-B01A-8E0A3EB7B8B2}.Debug|Any CPU.Build.0 = Debug|Any CPU
		{F092CFCE-7F13-4228-B01A-8E0A3EB7B8B2}.Release|Any CPU.ActiveCfg = Release|Any CPU
		{F092CFCE-7F13-4228-B01A-8E0A3EB7B8B2}.Release|Any CPU.Build.0 = Release|Any CPU
		{D318B470-56A5-48E8-8011-E9805CE807AE}.Debug|Any CPU.ActiveCfg = Debug|Any CPU
		{D318B470-56A5-48E8-8011-E9805CE807AE}.Debug|Any CPU.Build.0 = Debug|Any CPU
		{D318B470-56A5-48E8-8011-E9805CE807AE}.Release|Any CPU.ActiveCfg = Release|Any CPU
		{D318B470-56A5-48E8-8011-E9805CE807AE}.Release|Any CPU.Build.0 = Release|Any CPU
		{870BD7C3-442E-472F-8708-6CDF7F1876A3}.Debug|Any CPU.ActiveCfg = Debug|Any CPU
		{870BD7C3-442E-472F-8708-6CDF7F1876A3}.Debug|Any CPU.Build.0 = Debug|Any CPU
		{870BD7C3-442E-472F-8708-6CDF7F1876A3}.Release|Any CPU.ActiveCfg = Release|Any CPU
		{870BD7C3-442E-472F-8708-6CDF7F1876A3}.Release|Any CPU.Build.0 = Release|Any CPU
		{0203BC57-4080-4CCE-AA9B-9322214A0ACE}.Debug|Any CPU.ActiveCfg = Debug|Any CPU
		{0203BC57-4080-4CCE-AA9B-9322214A0ACE}.Debug|Any CPU.Build.0 = Debug|Any CPU
		{0203BC57-4080-4CCE-AA9B-9322214A0ACE}.Release|Any CPU.ActiveCfg = Release|Any CPU
		{0203BC57-4080-4CCE-AA9B-9322214A0ACE}.Release|Any CPU.Build.0 = Release|Any CPU
	EndGlobalSection
	GlobalSection(SolutionProperties) = preSolution
		HideSolutionNode = FALSE
	EndGlobalSection
	GlobalSection(NestedProjects) = preSolution
		{E1661C82-0ACB-4B6E-956E-0CF800EEFA6E} = {5311DD5D-17AA-4B28-92D7-3D40CDB60C24}
		{CC98E13C-1BF2-4047-BD1A-FE03618F4AF8} = {5311DD5D-17AA-4B28-92D7-3D40CDB60C24}
		{A94B2DDE-662D-41C8-AF9E-B703D3480D01} = {5311DD5D-17AA-4B28-92D7-3D40CDB60C24}
		{5311DD5D-17AA-4B28-92D7-3D40CDB60C24} = {21835DA1-DA91-40C8-A320-4970EB271A33}
		{02F49B64-55A4-4A0F-B76F-352274E5B533} = {21835DA1-DA91-40C8-A320-4970EB271A33}
		{06091FDC-7D71-4DF5-BEBB-15036B39CE73} = {21835DA1-DA91-40C8-A320-4970EB271A33}
		{43A0CDEC-1330-4BFB-85AF-3AE4CE18788D} = {02F49B64-55A4-4A0F-B76F-352274E5B533}
		{639520EB-BCF4-4885-9695-ECE007855382} = {02F49B64-55A4-4A0F-B76F-352274E5B533}
		{A58E2358-2846-4476-B446-D10BB1C59924} = {02F49B64-55A4-4A0F-B76F-352274E5B533}
		{44738117-B8D2-42F6-BB12-3D7CECF2C944} = {06091FDC-7D71-4DF5-BEBB-15036B39CE73}
		{CD2997AF-9D2E-4EC7-A968-D852BC1C539B} = {06091FDC-7D71-4DF5-BEBB-15036B39CE73}
		{F092CFCE-7F13-4228-B01A-8E0A3EB7B8B2} = {06091FDC-7D71-4DF5-BEBB-15036B39CE73}
		{D318B470-56A5-48E8-8011-E9805CE807AE} = {02F49B64-55A4-4A0F-B76F-352274E5B533}
		{870BD7C3-442E-472F-8708-6CDF7F1876A3} = {5311DD5D-17AA-4B28-92D7-3D40CDB60C24}
		{0203BC57-4080-4CCE-AA9B-9322214A0ACE} = {06091FDC-7D71-4DF5-BEBB-15036B39CE73}
	EndGlobalSection
	GlobalSection(ExtensibilityGlobals) = postSolution
		SolutionGuid = {BD9470FF-9B5F-492B-A366-1B6055376038}
	EndGlobalSection
EndGlobal
